
Microsoft Visual Studio Solution File, Format Version 12.00
# Visual Studio Version 16
VisualStudioVersion = 16.0.29509.3
MinimumVisualStudioVersion = 10.0.40219.1
Project("{FAE04EC0-301F-11D3-BF4B-00C04F79EFBC}") = "TadepalliS_BONUSLettersInWord", "TadepalliS_BONUSLettersInWord\TadepalliS_BONUSLettersInWord.csproj", "{06779121-7741-4D1B-9472-978BCFF8A491}"
EndProject
Global
	GlobalSection(SolutionConfigurationPlatforms) = preSolution
		Debug|Any CPU = Debug|Any CPU
		Release|Any CPU = Release|Any CPU
	EndGlobalSection
	GlobalSection(ProjectConfigurationPlatforms) = postSolution
		{06779121-7741-4D1B-9472-978BCFF8A491}.Debug|Any CPU.ActiveCfg = Debug|Any CPU
		{06779121-7741-4D1B-9472-978BCFF8A491}.Debug|Any CPU.Build.0 = Debug|Any CPU
		{06779121-7741-4D1B-9472-978BCFF8A491}.Release|Any CPU.ActiveCfg = Release|Any CPU
		{06779121-7741-4D1B-9472-978BCFF8A491}.Release|Any CPU.Build.0 = Release|Any CPU
	EndGlobalSection
	GlobalSection(SolutionProperties) = preSolution
		HideSolutionNode = FALSE
	EndGlobalSection
	GlobalSection(ExtensibilityGlobals) = postSolution
		SolutionGuid = {C2202B93-B564-49CB-A27B-916D60752D43}
	EndGlobalSection
EndGlobal
