
Microsoft Visual Studio Solution File, Format Version 12.00
# Visual Studio Version 16
VisualStudioVersion = 16.0.29509.3
MinimumVisualStudioVersion = 10.0.40219.1
Project("{FAE04EC0-301F-11D3-BF4B-00C04F79EFBC}") = "TadepalliS_BONUSAdvancedPalindorme", "TadepalliS_BONUSAdvancedPalindorme\TadepalliS_BONUSAdvancedPalindorme.csproj", "{2D5B5095-A1B7-4F04-B780-FEA80537363A}"
EndProject
Global
	GlobalSection(SolutionConfigurationPlatforms) = preSolution
		Debug|Any CPU = Debug|Any CPU
		Release|Any CPU = Release|Any CPU
	EndGlobalSection
	GlobalSection(ProjectConfigurationPlatforms) = postSolution
		{2D5B5095-A1B7-4F04-B780-FEA80537363A}.Debug|Any CPU.ActiveCfg = Debug|Any CPU
		{2D5B5095-A1B7-4F04-B780-FEA80537363A}.Debug|Any CPU.Build.0 = Debug|Any CPU
		{2D5B5095-A1B7-4F04-B780-FEA80537363A}.Release|Any CPU.ActiveCfg = Release|Any CPU
		{2D5B5095-A1B7-4F04-B780-FEA80537363A}.Release|Any CPU.Build.0 = Release|Any CPU
	EndGlobalSection
	GlobalSection(SolutionProperties) = preSolution
		HideSolutionNode = FALSE
	EndGlobalSection
	GlobalSection(ExtensibilityGlobals) = postSolution
		SolutionGuid = {028EBEE6-5932-4D42-B4C0-05709EBBA35F}
	EndGlobalSection
EndGlobal
