
Microsoft Visual Studio Solution File, Format Version 12.00
# Visual Studio Version 16
VisualStudioVersion = 16.0.29509.3
MinimumVisualStudioVersion = 10.0.40219.1
Project("{FAE04EC0-301F-11D3-BF4B-00C04F79EFBC}") = "TadepalliS_BONUSPolling", "TadepalliS_BONUSPolling\TadepalliS_BONUSPolling.csproj", "{66BFEF17-14F5-4504-8D09-EAC9F025FDC5}"
EndProject
Global
	GlobalSection(SolutionConfigurationPlatforms) = preSolution
		Debug|Any CPU = Debug|Any CPU
		Release|Any CPU = Release|Any CPU
	EndGlobalSection
	GlobalSection(ProjectConfigurationPlatforms) = postSolution
		{66BFEF17-14F5-4504-8D09-EAC9F025FDC5}.Debug|Any CPU.ActiveCfg = Debug|Any CPU
		{66BFEF17-14F5-4504-8D09-EAC9F025FDC5}.Debug|Any CPU.Build.0 = Debug|Any CPU
		{66BFEF17-14F5-4504-8D09-EAC9F025FDC5}.Release|Any CPU.ActiveCfg = Release|Any CPU
		{66BFEF17-14F5-4504-8D09-EAC9F025FDC5}.Release|Any CPU.Build.0 = Release|Any CPU
	EndGlobalSection
	GlobalSection(SolutionProperties) = preSolution
		HideSolutionNode = FALSE
	EndGlobalSection
	GlobalSection(ExtensibilityGlobals) = postSolution
		SolutionGuid = {DAD7965D-7311-4C7D-B5A6-E7B9982E0890}
	EndGlobalSection
EndGlobal
